
Microsoft Visual Studio Solution File, Format Version 12.00
# Visual Studio 14
VisualStudioVersion = 14.0.25123.0
MinimumVisualStudioVersion = 10.0.40219.1
Project("{FAE04EC0-301F-11D3-BF4B-00C04F79EFBC}") = "WpfPemesananMakanan", "WpfPemesananMakanan\WpfPemesananMakanan.csproj", "{258F8989-459E-40AE-9625-204C986BA03C}"
EndProject
Global
	GlobalSection(SolutionConfigurationPlatforms) = preSolution
		Debug|Any CPU = Debug|Any CPU
		Release|Any CPU = Release|Any CPU
	EndGlobalSection
	GlobalSection(ProjectConfigurationPlatforms) = postSolution
		{258F8989-459E-40AE-9625-204C986BA03C}.Debug|Any CPU.ActiveCfg = Debug|Any CPU
		{258F8989-459E-40AE-9625-204C986BA03C}.Debug|Any CPU.Build.0 = Debug|Any CPU
		{258F8989-459E-40AE-9625-204C986BA03C}.Release|Any CPU.ActiveCfg = Release|Any CPU
		{258F8989-459E-40AE-9625-204C986BA03C}.Release|Any CPU.Build.0 = Release|Any CPU
	EndGlobalSection
	GlobalSection(SolutionProperties) = preSolution
		HideSolutionNode = FALSE
	EndGlobalSection
EndGlobal
